<?xml version="1.0" encoding="utf-8"?>
<Project ToolsVersion="4.0" xmlns="http://schemas.microsoft.com/developer/msbuild/2003">
  <ItemGroup>
    <ClCompile Include="Game.cpp">
      <Filter>Game</Filter>
    </ClCompile>
    <ClCompile Include="IncludeJsonData.cpp">
      <Filter>Pins</Filter>
    </ClCompile>
    <ClCompile Include="IoManager.cpp">
      <Filter>Pins</Filter>
    </ClCompile>
    <ClCompile Include="main.cpp">
      <Filter>Game</Filter>
    </ClCompile>
    <ClCompile Include="IPlayer.cpp">
      <Filter>Player</Filter>
    </ClCompile>
    <ClCompile Include="Player.cpp">
      <Filter>Player</Filter>
    </ClCompile>
  </ItemGroup>
  <ItemGroup>
    <ClInclude Include="Game.hpp">
      <Filter>Game</Filter>
    </ClInclude>
    <ClInclude Include="IncludeJsonData.hpp">
      <Filter>Pins</Filter>
    </ClInclude>
    <ClInclude Include="IoManager.hpp">
      <Filter>Pins</Filter>
    </ClInclude>
    <ClInclude Include="json.hpp">
      <Filter>Pins</Filter>
    </ClInclude>
    <ClInclude Include="piproxy.h">
      <Filter>Pins</Filter>
    </ClInclude>
    <ClInclude Include="main.hpp">
      <Filter>Game</Filter>
    </ClInclude>
    <ClInclude Include="IPlayer.hpp">
      <Filter>Player</Filter>
    </ClInclude>
    <ClInclude Include="Player.hpp">
      <Filter>Player</Filter>
    </ClInclude>
  </ItemGroup>
  <ItemGroup>
    <Filter Include="Game">
      <UniqueIdentifier>{87c6259a-cd36-4ed2-bd28-8359c3ac6286}</UniqueIdentifier>
    </Filter>
    <Filter Include="Pins">
      <UniqueIdentifier>{dd8f3912-9ca6-4515-85bd-1f647b2e2bac}</UniqueIdentifier>
    </Filter>
    <Filter Include="Player">
      <UniqueIdentifier>{c7b7d9df-b7d6-4f6c-bb65-8c823874526e}</UniqueIdentifier>
    </Filter>
  </ItemGroup>
  <ItemGroup>
    <None Include="pins.json">
      <Filter>Pins</Filter>
    </None>
  </ItemGroup>
</Project>